
Microsoft Visual Studio Solution File, Format Version 12.00
# Visual Studio Version 17
VisualStudioVersion = 17.14.36915.13
MinimumVisualStudioVersion = 10.0.40219.1
Project("{FAE04EC0-301F-11D3-BF4B-00C04F79EFBC}") = "AuraDripBackend", "AuraDripBackend\AuraDripBackend.csproj", "{902E26BC-1317-44FE-9B14-1030561E8B58}"
EndProject
Project("{FAE04EC0-301F-11D3-BF4B-00C04F79EFBC}") = "AuraDrip.Tests", "AuraDrip.Tests\AuraDrip.Tests.csproj", "{2B03627C-C0DC-4B53-A3AC-25DF724ADE85}"
EndProject
Global
	GlobalSection(SolutionConfigurationPlatforms) = preSolution
		Debug|Any CPU = Debug|Any CPU
		Release|Any CPU = Release|Any CPU
	EndGlobalSection
	GlobalSection(ProjectConfigurationPlatforms) = postSolution
		{902E26BC-1317-44FE-9B14-1030561E8B58}.Debug|Any CPU.ActiveCfg = Debug|Any CPU
		{902E26BC-1317-44FE-9B14-1030561E8B58}.Debug|Any CPU.Build.0 = Debug|Any CPU
		{902E26BC-1317-44FE-9B14-1030561E8B58}.Release|Any CPU.ActiveCfg = Release|Any CPU
		{902E26BC-1317-44FE-9B14-1030561E8B58}.Release|Any CPU.Build.0 = Release|Any CPU
		{2B03627C-C0DC-4B53-A3AC-25DF724ADE85}.Debug|Any CPU.ActiveCfg = Debug|Any CPU
		{2B03627C-C0DC-4B53-A3AC-25DF724ADE85}.Debug|Any CPU.Build.0 = Debug|Any CPU
		{2B03627C-C0DC-4B53-A3AC-25DF724ADE85}.Release|Any CPU.ActiveCfg = Release|Any CPU
		{2B03627C-C0DC-4B53-A3AC-25DF724ADE85}.Release|Any CPU.Build.0 = Release|Any CPU
	EndGlobalSection
	GlobalSection(SolutionProperties) = preSolution
		HideSolutionNode = FALSE
	EndGlobalSection
	GlobalSection(ExtensibilityGlobals) = postSolution
		SolutionGuid = {D6BFD95A-3B67-4DE3-9757-A186ECAD9105}
	EndGlobalSection
EndGlobal
